{
    "_readme": [
        "This file locks the dependencies of your project to a known state",
        "Read more about it at https://getcomposer.org/doc/01-basic-usage.md#composer-lock-the-lock-file",
        "This file is @generated automatically"
    ],
    "hash": "b842f34a5d92433e3727e7d102c27ad1",
    "content-hash": "a4f8020f3a33a956af2e6c3f1df6a861",
    "packages": [
        {
            "name": "felideotrine/query-builder",
            "version": "dev-master",
            "source": {
                "type": "git",
                "url": "https://github.com/felideo/FelideoTrine.git",
                "reference": "3ac9c96b716e39f2083541085a1a6a9298c56ff1"
            },
            "dist": {
                "type": "zip",
                "url": "https://api.github.com/repos/felideo/FelideoTrine/zipball/3ac9c96b716e39f2083541085a1a6a9298c56ff1",
                "reference": "3ac9c96b716e39f2083541085a1a6a9298c56ff1",
                "shasum": ""
            },
            "type": "library",
            "autoload": {
                "psr-0": {
                    "Felideo\\FelideoTrine": "FelideoTrine/"
                }
            },
            "notification-url": "https://packagist.org/downloads/",
            "license": [
                "MIT"
            ],
            "authors": [
                {
                    "name": "Felideo Desittale Paravimnce",
                    "email": "felideo@gmail.com"
                }
            ],
            "description": "Query builder that return query result in a hierarchical tree",
            "time": "2017-07-27 02:01:07"
        },
        {
            "name": "lichtner/fluentpdo",
            "version": "v1.1.0",
            "source": {
                "type": "git",
                "url": "https://github.com/fpdo/fluentpdo.git",
                "reference": "fa0df68d098a1ebb1b0461e4750ef2749869219c"
            },
            "dist": {
                "type": "zip",
                "url": "https://api.github.com/repos/fpdo/fluentpdo/zipball/fa0df68d098a1ebb1b0461e4750ef2749869219c",
                "reference": "fa0df68d098a1ebb1b0461e4750ef2749869219c",
                "shasum": ""
            },
            "type": "library",
            "autoload": {
                "files": [
                    "FluentPDO/FluentPDO.php"
                ]
            },
            "notification-url": "https://packagist.org/downloads/",
            "license": [
                "Apache-2.0",
                "GPL-2.0+"
            ],
            "authors": [
                {
                    "name": "Marek Lichtner",
                    "homepage": "http://licht.sk/"
                }
            ],
            "description": "FluentPDO is small PHP library for rapid query building. Killer feature is smart join builder which generates joins automatically.",
            "homepage": "https://github.com/fpdo/fluentpdo",
            "keywords": [
                "database",
                "dbal",
                "pdo"
            ],
            "time": "2016-07-08 13:40:45"
        }
    ],
    "packages-dev": [],
    "aliases": [],
    "minimum-stability": "dev",
    "stability-flags": {
        "felideotrine/query-builder": 20
    },
    "prefer-stable": false,
    "prefer-lowest": false,
    "platform": [],
    "platform-dev": []
}
