{
    "_readme": [
        "This file locks the dependencies of your project to a known state",
        "Read more about it at https://getcomposer.org/doc/01-basic-usage.md#composer-lock-the-lock-file",
        "This file is @generated automatically"
    ],
    "hash": "e0e5702deb54e2d88fade39709480dea",
    "content-hash": "6278c8f851fa978897d5317dc0a04bdc",
    "packages": [
        {
            "name": "felideotrine/query-builder",
            "version": "dev-master",
            "source": {
                "type": "git",
                "url": "https://github.com/felideo/FelideoTrine.git",
                "reference": "ff7869c74dd31540bdfe6fb3e45afce164601e9f"
            },
            "dist": {
                "type": "zip",
                "url": "https://api.github.com/repos/felideo/FelideoTrine/zipball/ff7869c74dd31540bdfe6fb3e45afce164601e9f",
                "reference": "ff7869c74dd31540bdfe6fb3e45afce164601e9f",
                "shasum": ""
            },
            "type": "library",
            "autoload": {
                "psr-0": {
                    "Felideo\\FelideoTrine": "FelideoTrine/"
                }
            },
            "notification-url": "https://packagist.org/downloads/",
            "license": [
                "MIT"
            ],
            "authors": [
                {
                    "name": "Felideo Desittale Paravimnce",
                    "email": "felideo@gmail.com"
                }
            ],
            "description": "Query builder that return query result in a hierarchical tree",
            "time": "2017-08-08 01:35:58"
        }
    ],
    "packages-dev": [],
    "aliases": [],
    "minimum-stability": "dev",
    "stability-flags": {
        "felideotrine/query-builder": 20
    },
    "prefer-stable": false,
    "prefer-lowest": false,
    "platform": [],
    "platform-dev": []
}
